
Microsoft Visual Studio Solution File, Format Version 12.00
# Visual Studio 2013
VisualStudioVersion = 12.0.21005.1
MinimumVisualStudioVersion = 10.0.40219.1
Project("{FAE04EC0-301F-11D3-BF4B-00C04F79EFBC}") = "ConsoleApplication1", "ConsoleApplication1\ConsoleApplication1.csproj", "{CF60B620-7325-47EA-9D5B-29CF9CA7D86E}"
EndProject
Project("{FAE04EC0-301F-11D3-BF4B-00C04F79EFBC}") = "UnitTestProject1", "UnitTestProject1\UnitTestProject1.csproj", "{A265BC56-EC50-49A0-99B9-9D6FC137C860}"
EndProject
Global
	GlobalSection(SolutionConfigurationPlatforms) = preSolution
		Debug|Any CPU = Debug|Any CPU
		Release|Any CPU = Release|Any CPU
	EndGlobalSection
	GlobalSection(ProjectConfigurationPlatforms) = postSolution
		{CF60B620-7325-47EA-9D5B-29CF9CA7D86E}.Debug|Any CPU.ActiveCfg = Debug|Any CPU
		{CF60B620-7325-47EA-9D5B-29CF9CA7D86E}.Debug|Any CPU.Build.0 = Debug|Any CPU
		{CF60B620-7325-47EA-9D5B-29CF9CA7D86E}.Release|Any CPU.ActiveCfg = Release|Any CPU
		{CF60B620-7325-47EA-9D5B-29CF9CA7D86E}.Release|Any CPU.Build.0 = Release|Any CPU
		{A265BC56-EC50-49A0-99B9-9D6FC137C860}.Debug|Any CPU.ActiveCfg = Debug|Any CPU
		{A265BC56-EC50-49A0-99B9-9D6FC137C860}.Debug|Any CPU.Build.0 = Debug|Any CPU
		{A265BC56-EC50-49A0-99B9-9D6FC137C860}.Release|Any CPU.ActiveCfg = Release|Any CPU
		{A265BC56-EC50-49A0-99B9-9D6FC137C860}.Release|Any CPU.Build.0 = Release|Any CPU
	EndGlobalSection
	GlobalSection(SolutionProperties) = preSolution
		HideSolutionNode = FALSE
	EndGlobalSection
EndGlobal
